
Microsoft Visual Studio Solution File, Format Version 12.00
# Visual Studio Version 17
VisualStudioVersion = 17.10.34916.146
MinimumVisualStudioVersion = 10.0.40219.1
Project("{FAE04EC0-301F-11D3-BF4B-00C04F79EFBC}") = "SMS", "SMS.csproj", "{B410F0A0-4ED6-45DB-98A6-5317D129CEF9}"
EndProject
Global
	GlobalSection(SolutionConfigurationPlatforms) = preSolution
		Debug|Any CPU = Debug|Any CPU
		Release|Any CPU = Release|Any CPU
	EndGlobalSection
	GlobalSection(ProjectConfigurationPlatforms) = postSolution
		{B410F0A0-4ED6-45DB-98A6-5317D129CEF9}.Debug|Any CPU.ActiveCfg = Debug|Any CPU
		{B410F0A0-4ED6-45DB-98A6-5317D129CEF9}.Debug|Any CPU.Build.0 = Debug|Any CPU
		{B410F0A0-4ED6-45DB-98A6-5317D129CEF9}.Release|Any CPU.ActiveCfg = Release|Any CPU
		{B410F0A0-4ED6-45DB-98A6-5317D129CEF9}.Release|Any CPU.Build.0 = Release|Any CPU
	EndGlobalSection
	GlobalSection(SolutionProperties) = preSolution
		HideSolutionNode = FALSE
	EndGlobalSection
	GlobalSection(ExtensibilityGlobals) = postSolution
		SolutionGuid = {D8297A51-6FC3-42B8-89F7-340A96342400}
	EndGlobalSection
EndGlobal
